{
  "object": {
    "pins": [
      {
        "package": "OpenCombine",
        "repositoryURL": "https://github.com/OpenCombine/OpenCombine",
        "state": {
          "branch": "master",
          "revision": "ff31c4337524760d8f342ee0659cd4c4b080a82f",
          "version": null
        }
      },
      {
        "package": "swift-atomics",
        "repositoryURL": "https://github.com/apple/swift-atomics",
        "state": {
          "branch": "main",
          "revision": "6c89474e62719ddcc1e9614989fff2f68208fe10",
          "version": null
        }
      },
      {
        "package": "swift-collections",
        "repositoryURL": "https://github.com/apple/swift-collections",
        "state": {
          "branch": "main",
          "revision": "33504bdc159d076c4a84ecf08941c9e648f9a11c",
          "version": null
        }
      },
      {
        "package": "swift-numerics",
        "repositoryURL": "https://github.com/apple/swift-numerics",
        "state": {
          "branch": "main",
          "revision": "97c716ba37f8c79ed5ae20f9fd3c378360bd3cce",
          "version": null
        }
      }
    ]
  },
  "version": 1
}
